
Microsoft Visual Studio Solution File, Format Version 12.00
# Visual Studio Version 16
VisualStudioVersion = 16.0.30406.217
MinimumVisualStudioVersion = 10.0.40219.1
Project("{FAE04EC0-301F-11D3-BF4B-00C04F79EFBC}") = "CRUD_CORE.UI", "CRUD_CORE.UI\CRUD_CORE.UI.csproj", "{63B8DB7E-8789-4EB1-B489-B8587BE98A9C}"
EndProject
Global
	GlobalSection(SolutionConfigurationPlatforms) = preSolution
		Debug|Any CPU = Debug|Any CPU
		Release|Any CPU = Release|Any CPU
	EndGlobalSection
	GlobalSection(ProjectConfigurationPlatforms) = postSolution
		{63B8DB7E-8789-4EB1-B489-B8587BE98A9C}.Debug|Any CPU.ActiveCfg = Debug|Any CPU
		{63B8DB7E-8789-4EB1-B489-B8587BE98A9C}.Debug|Any CPU.Build.0 = Debug|Any CPU
		{63B8DB7E-8789-4EB1-B489-B8587BE98A9C}.Release|Any CPU.ActiveCfg = Release|Any CPU
		{63B8DB7E-8789-4EB1-B489-B8587BE98A9C}.Release|Any CPU.Build.0 = Release|Any CPU
	EndGlobalSection
	GlobalSection(SolutionProperties) = preSolution
		HideSolutionNode = FALSE
	EndGlobalSection
	GlobalSection(ExtensibilityGlobals) = postSolution
		SolutionGuid = {75A3DB61-ECB9-4481-BC4C-3484A3204040}
	EndGlobalSection
EndGlobal
